[{<<"bcrypt">>,
  {git,"https://github.com/opscode/erlang-bcrypt.git",
       {ref,"5cbe6becbe926739adebc67c6827ac2a2b9e7bbd"}},
  1},
 {<<"cowboy">>,
  {git,"git://github.com/ninenines/cowboy.git",
       {ref,"dbb636034f20736e16eb9d6c809217c9525b6cbd"}},
  0},
 {<<"cowlib">>,
  {git,"https://github.com/ninenines/cowlib",
       {ref,"8e6d0f462850a90bd8a60995f52027839288d038"}},
  1},
 {<<"erlpass">>,
  {git,"git://github.com/ferd/erlpass.git",
       {ref,"bcdfd8ebaaa4c08a6128303ab6acb0c556cfe55d"}},
  0},
 {<<"gun">>,
  {git,"git://github.com/ninenines/gun.git",
       {ref,"383a643a971439c6fd8ee4611ecc35c0a65f4538"}},
  0},
 {<<"jiffy">>,
  {git,"git://github.com/davisp/jiffy.git",
       {ref,"1febce3ca86c5ca5d5a3618ed3d5f125bb99e4c5"}},
  0},
 {<<"ranch">>,
  {git,"https://github.com/ninenines/ranch",
       {ref,"741bfb73ca663394ecf7a73410506d66f01985a6"}},
  1},
 {<<"uuid">>,
  {git,"git://github.com/avtobiff/erlang-uuid.git",
       {ref,"7c8a3bb79d8a0a3092ffa75332a91958d5438c39"}},
  0}].
